
Microsoft Visual Studio Solution File, Format Version 12.00
# Visual Studio Version 17
VisualStudioVersion = 17.7.34031.279
MinimumVisualStudioVersion = 10.0.40219.1
Project("{FAE04EC0-301F-11D3-BF4B-00C04F79EFBC}") = "01.Ranking", "01.Ranking\01.Ranking.csproj", "{FF1A79B7-3D90-4F8F-AE39-9970AF3C06EE}"
EndProject
Project("{FAE04EC0-301F-11D3-BF4B-00C04F79EFBC}") = "02.Judge", "02.Judge\02.Judge.csproj", "{38550090-33CF-44FA-8175-BC7B86F3111E}"
EndProject
Project("{FAE04EC0-301F-11D3-BF4B-00C04F79EFBC}") = "03.MOBAChallenger", "03.MOBAChallenger\03.MOBAChallenger.csproj", "{D3FE07E7-E5A9-4069-B71D-2B98D2AB38F0}"
EndProject
Global
	GlobalSection(SolutionConfigurationPlatforms) = preSolution
		Debug|Any CPU = Debug|Any CPU
		Release|Any CPU = Release|Any CPU
	EndGlobalSection
	GlobalSection(ProjectConfigurationPlatforms) = postSolution
		{FF1A79B7-3D90-4F8F-AE39-9970AF3C06EE}.Debug|Any CPU.ActiveCfg = Debug|Any CPU
		{FF1A79B7-3D90-4F8F-AE39-9970AF3C06EE}.Debug|Any CPU.Build.0 = Debug|Any CPU
		{FF1A79B7-3D90-4F8F-AE39-9970AF3C06EE}.Release|Any CPU.ActiveCfg = Release|Any CPU
		{FF1A79B7-3D90-4F8F-AE39-9970AF3C06EE}.Release|Any CPU.Build.0 = Release|Any CPU
		{38550090-33CF-44FA-8175-BC7B86F3111E}.Debug|Any CPU.ActiveCfg = Debug|Any CPU
		{38550090-33CF-44FA-8175-BC7B86F3111E}.Debug|Any CPU.Build.0 = Debug|Any CPU
		{38550090-33CF-44FA-8175-BC7B86F3111E}.Release|Any CPU.ActiveCfg = Release|Any CPU
		{38550090-33CF-44FA-8175-BC7B86F3111E}.Release|Any CPU.Build.0 = Release|Any CPU
		{D3FE07E7-E5A9-4069-B71D-2B98D2AB38F0}.Debug|Any CPU.ActiveCfg = Debug|Any CPU
		{D3FE07E7-E5A9-4069-B71D-2B98D2AB38F0}.Debug|Any CPU.Build.0 = Debug|Any CPU
		{D3FE07E7-E5A9-4069-B71D-2B98D2AB38F0}.Release|Any CPU.ActiveCfg = Release|Any CPU
		{D3FE07E7-E5A9-4069-B71D-2B98D2AB38F0}.Release|Any CPU.Build.0 = Release|Any CPU
	EndGlobalSection
	GlobalSection(SolutionProperties) = preSolution
		HideSolutionNode = FALSE
	EndGlobalSection
	GlobalSection(ExtensibilityGlobals) = postSolution
		SolutionGuid = {7AF9843D-C1E3-4FD3-A2EE-4E78F7A05FAD}
	EndGlobalSection
EndGlobal
