
Microsoft Visual Studio Solution File, Format Version 12.00
# Visual Studio Version 17
VisualStudioVersion = 17.7.34031.279
MinimumVisualStudioVersion = 10.0.40219.1
Project("{FAE04EC0-301F-11D3-BF4B-00C04F79EFBC}") = "01.Encrypt,SortAndPrintArray", "01.Encrypt, Sort and Print Array\01.Encrypt,SortAndPrintArray.csproj", "{4D40D5DD-96A9-4FB2-8AEF-8CCE89E86BEB}"
EndProject
Project("{FAE04EC0-301F-11D3-BF4B-00C04F79EFBC}") = "02.PascalTriangle", "02.PascalTriangle\02.PascalTriangle.csproj", "{9060A1A3-06BE-42BF-A02C-C35507736A5C}"
EndProject
Project("{FAE04EC0-301F-11D3-BF4B-00C04F79EFBC}") = "03.RecursiveFibonacci", "03.RecursiveFibonacci\03.RecursiveFibonacci.csproj", "{8AE30897-2AED-4B02-999B-A4D2ADCD5EB1}"
EndProject
Project("{FAE04EC0-301F-11D3-BF4B-00C04F79EFBC}") = "04.FoldAndSum", "04.FoldAndSum\04.FoldAndSum.csproj", "{F42CADC0-2F9E-4044-A6EC-72448F01BBA9}"
EndProject
Project("{FAE04EC0-301F-11D3-BF4B-00C04F79EFBC}") = "05.LongestIncreasingSubsequence(LIS)", "05.LongestIncreasingSubsequence(LIS)\05.LongestIncreasingSubsequence(LIS).csproj", "{09D87F8D-A5FA-44EE-9D14-0CD03B8145C2}"
EndProject
Global
	GlobalSection(SolutionConfigurationPlatforms) = preSolution
		Debug|Any CPU = Debug|Any CPU
		Release|Any CPU = Release|Any CPU
	EndGlobalSection
	GlobalSection(ProjectConfigurationPlatforms) = postSolution
		{4D40D5DD-96A9-4FB2-8AEF-8CCE89E86BEB}.Debug|Any CPU.ActiveCfg = Debug|Any CPU
		{4D40D5DD-96A9-4FB2-8AEF-8CCE89E86BEB}.Debug|Any CPU.Build.0 = Debug|Any CPU
		{4D40D5DD-96A9-4FB2-8AEF-8CCE89E86BEB}.Release|Any CPU.ActiveCfg = Release|Any CPU
		{4D40D5DD-96A9-4FB2-8AEF-8CCE89E86BEB}.Release|Any CPU.Build.0 = Release|Any CPU
		{9060A1A3-06BE-42BF-A02C-C35507736A5C}.Debug|Any CPU.ActiveCfg = Debug|Any CPU
		{9060A1A3-06BE-42BF-A02C-C35507736A5C}.Debug|Any CPU.Build.0 = Debug|Any CPU
		{9060A1A3-06BE-42BF-A02C-C35507736A5C}.Release|Any CPU.ActiveCfg = Release|Any CPU
		{9060A1A3-06BE-42BF-A02C-C35507736A5C}.Release|Any CPU.Build.0 = Release|Any CPU
		{8AE30897-2AED-4B02-999B-A4D2ADCD5EB1}.Debug|Any CPU.ActiveCfg = Debug|Any CPU
		{8AE30897-2AED-4B02-999B-A4D2ADCD5EB1}.Debug|Any CPU.Build.0 = Debug|Any CPU
		{8AE30897-2AED-4B02-999B-A4D2ADCD5EB1}.Release|Any CPU.ActiveCfg = Release|Any CPU
		{8AE30897-2AED-4B02-999B-A4D2ADCD5EB1}.Release|Any CPU.Build.0 = Release|Any CPU
		{F42CADC0-2F9E-4044-A6EC-72448F01BBA9}.Debug|Any CPU.ActiveCfg = Debug|Any CPU
		{F42CADC0-2F9E-4044-A6EC-72448F01BBA9}.Debug|Any CPU.Build.0 = Debug|Any CPU
		{F42CADC0-2F9E-4044-A6EC-72448F01BBA9}.Release|Any CPU.ActiveCfg = Release|Any CPU
		{F42CADC0-2F9E-4044-A6EC-72448F01BBA9}.Release|Any CPU.Build.0 = Release|Any CPU
		{09D87F8D-A5FA-44EE-9D14-0CD03B8145C2}.Debug|Any CPU.ActiveCfg = Debug|Any CPU
		{09D87F8D-A5FA-44EE-9D14-0CD03B8145C2}.Debug|Any CPU.Build.0 = Debug|Any CPU
		{09D87F8D-A5FA-44EE-9D14-0CD03B8145C2}.Release|Any CPU.ActiveCfg = Release|Any CPU
		{09D87F8D-A5FA-44EE-9D14-0CD03B8145C2}.Release|Any CPU.Build.0 = Release|Any CPU
	EndGlobalSection
	GlobalSection(SolutionProperties) = preSolution
		HideSolutionNode = FALSE
	EndGlobalSection
	GlobalSection(ExtensibilityGlobals) = postSolution
		SolutionGuid = {D6310F02-61CE-46A4-9B12-6B01B23BB42A}
	EndGlobalSection
EndGlobal
