
Microsoft Visual Studio Solution File, Format Version 12.00
# Visual Studio Version 17
VisualStudioVersion = 17.7.34031.279
MinimumVisualStudioVersion = 10.0.40219.1
Project("{FAE04EC0-301F-11D3-BF4B-00C04F79EFBC}") = "01.DayOfWeek", "01.DayOfWeek\01.DayOfWeek.csproj", "{FABBEC8E-5A85-4219-AC54-FB68D0E5C715}"
EndProject
Project("{FAE04EC0-301F-11D3-BF4B-00C04F79EFBC}") = "02.PrintNumbersInReverseOrder", "02.PrintNumbersInReverseOrder\02.PrintNumbersInReverseOrder.csproj", "{4AF82C36-F31D-4D9C-BC35-2A8439CA29E5}"
EndProject
Project("{FAE04EC0-301F-11D3-BF4B-00C04F79EFBC}") = "03.RoundingNumbers", "03.RoundingNumbers\03.RoundingNumbers.csproj", "{57960B32-663E-45E2-BABF-C5E85945D439}"
EndProject
Project("{FAE04EC0-301F-11D3-BF4B-00C04F79EFBC}") = "04.ReverseArrayOfStrings", "04.ReverseArrayOfStrings\04.ReverseArrayOfStrings.csproj", "{AA28BA4A-85FE-4897-B1D4-907B343E0089}"
EndProject
Project("{FAE04EC0-301F-11D3-BF4B-00C04F79EFBC}") = "05.SumEvenNumbers", "05.SumEvenNumbers\05.SumEvenNumbers.csproj", "{632E64A0-4F7B-451D-9972-ED39A3BD7B3B}"
EndProject
Project("{FAE04EC0-301F-11D3-BF4B-00C04F79EFBC}") = "06.EvenAndOddSubtraction", "06.EvenAndOddSubtraction\06.EvenAndOddSubtraction.csproj", "{301974DA-919B-4D64-B152-F7FF3E7ACA9C}"
EndProject
Project("{FAE04EC0-301F-11D3-BF4B-00C04F79EFBC}") = "07.EqualArrays", "07.EqualArrays\07.EqualArrays.csproj", "{5C7E58B0-ACF9-457E-BFB5-E34D86522BC2}"
EndProject
Project("{FAE04EC0-301F-11D3-BF4B-00C04F79EFBC}") = "08.CondenseArrayToNumber", "08.CondenseArrayToNumber\08.CondenseArrayToNumber.csproj", "{E388F0DA-B7E0-4873-99D3-BFEFF4A05AD3}"
EndProject
Global
	GlobalSection(SolutionConfigurationPlatforms) = preSolution
		Debug|Any CPU = Debug|Any CPU
		Release|Any CPU = Release|Any CPU
	EndGlobalSection
	GlobalSection(ProjectConfigurationPlatforms) = postSolution
		{FABBEC8E-5A85-4219-AC54-FB68D0E5C715}.Debug|Any CPU.ActiveCfg = Debug|Any CPU
		{FABBEC8E-5A85-4219-AC54-FB68D0E5C715}.Debug|Any CPU.Build.0 = Debug|Any CPU
		{FABBEC8E-5A85-4219-AC54-FB68D0E5C715}.Release|Any CPU.ActiveCfg = Release|Any CPU
		{FABBEC8E-5A85-4219-AC54-FB68D0E5C715}.Release|Any CPU.Build.0 = Release|Any CPU
		{4AF82C36-F31D-4D9C-BC35-2A8439CA29E5}.Debug|Any CPU.ActiveCfg = Debug|Any CPU
		{4AF82C36-F31D-4D9C-BC35-2A8439CA29E5}.Debug|Any CPU.Build.0 = Debug|Any CPU
		{4AF82C36-F31D-4D9C-BC35-2A8439CA29E5}.Release|Any CPU.ActiveCfg = Release|Any CPU
		{4AF82C36-F31D-4D9C-BC35-2A8439CA29E5}.Release|Any CPU.Build.0 = Release|Any CPU
		{57960B32-663E-45E2-BABF-C5E85945D439}.Debug|Any CPU.ActiveCfg = Debug|Any CPU
		{57960B32-663E-45E2-BABF-C5E85945D439}.Debug|Any CPU.Build.0 = Debug|Any CPU
		{57960B32-663E-45E2-BABF-C5E85945D439}.Release|Any CPU.ActiveCfg = Release|Any CPU
		{57960B32-663E-45E2-BABF-C5E85945D439}.Release|Any CPU.Build.0 = Release|Any CPU
		{AA28BA4A-85FE-4897-B1D4-907B343E0089}.Debug|Any CPU.ActiveCfg = Debug|Any CPU
		{AA28BA4A-85FE-4897-B1D4-907B343E0089}.Debug|Any CPU.Build.0 = Debug|Any CPU
		{AA28BA4A-85FE-4897-B1D4-907B343E0089}.Release|Any CPU.ActiveCfg = Release|Any CPU
		{AA28BA4A-85FE-4897-B1D4-907B343E0089}.Release|Any CPU.Build.0 = Release|Any CPU
		{632E64A0-4F7B-451D-9972-ED39A3BD7B3B}.Debug|Any CPU.ActiveCfg = Debug|Any CPU
		{632E64A0-4F7B-451D-9972-ED39A3BD7B3B}.Debug|Any CPU.Build.0 = Debug|Any CPU
		{632E64A0-4F7B-451D-9972-ED39A3BD7B3B}.Release|Any CPU.ActiveCfg = Release|Any CPU
		{632E64A0-4F7B-451D-9972-ED39A3BD7B3B}.Release|Any CPU.Build.0 = Release|Any CPU
		{301974DA-919B-4D64-B152-F7FF3E7ACA9C}.Debug|Any CPU.ActiveCfg = Debug|Any CPU
		{301974DA-919B-4D64-B152-F7FF3E7ACA9C}.Debug|Any CPU.Build.0 = Debug|Any CPU
		{301974DA-919B-4D64-B152-F7FF3E7ACA9C}.Release|Any CPU.ActiveCfg = Release|Any CPU
		{301974DA-919B-4D64-B152-F7FF3E7ACA9C}.Release|Any CPU.Build.0 = Release|Any CPU
		{5C7E58B0-ACF9-457E-BFB5-E34D86522BC2}.Debug|Any CPU.ActiveCfg = Debug|Any CPU
		{5C7E58B0-ACF9-457E-BFB5-E34D86522BC2}.Debug|Any CPU.Build.0 = Debug|Any CPU
		{5C7E58B0-ACF9-457E-BFB5-E34D86522BC2}.Release|Any CPU.ActiveCfg = Release|Any CPU
		{5C7E58B0-ACF9-457E-BFB5-E34D86522BC2}.Release|Any CPU.Build.0 = Release|Any CPU
		{E388F0DA-B7E0-4873-99D3-BFEFF4A05AD3}.Debug|Any CPU.ActiveCfg = Debug|Any CPU
		{E388F0DA-B7E0-4873-99D3-BFEFF4A05AD3}.Debug|Any CPU.Build.0 = Debug|Any CPU
		{E388F0DA-B7E0-4873-99D3-BFEFF4A05AD3}.Release|Any CPU.ActiveCfg = Release|Any CPU
		{E388F0DA-B7E0-4873-99D3-BFEFF4A05AD3}.Release|Any CPU.Build.0 = Release|Any CPU
	EndGlobalSection
	GlobalSection(SolutionProperties) = preSolution
		HideSolutionNode = FALSE
	EndGlobalSection
	GlobalSection(ExtensibilityGlobals) = postSolution
		SolutionGuid = {91C423BA-9F5D-4FA6-9AE6-F343B37DD649}
	EndGlobalSection
EndGlobal
