
Microsoft Visual Studio Solution File, Format Version 12.00
# Visual Studio Version 17
VisualStudioVersion = 17.7.34031.279
MinimumVisualStudioVersion = 10.0.40219.1
Project("{FAE04EC0-301F-11D3-BF4B-00C04F79EFBC}") = "01.ConvertMetersToKilometers", "01.ConvertMetersToKilometers\01.ConvertMetersToKilometers.csproj", "{D07DE6F0-3A8B-45DE-868B-8F78C640563F}"
EndProject
Project("{FAE04EC0-301F-11D3-BF4B-00C04F79EFBC}") = "02.PoundsToDollars", "02.PoundsToDollars\02.PoundsToDollars.csproj", "{630E07D5-8D60-4540-A6D4-F059ED5C2E0F}"
EndProject
Project("{FAE04EC0-301F-11D3-BF4B-00C04F79EFBC}") = "03.ExactSumOfRealNumbers", "03.ExactSumOfRealNumbers\03.ExactSumOfRealNumbers.csproj", "{6D005571-C7FD-40B1-9CC3-81F0776F20FB}"
EndProject
Project("{FAE04EC0-301F-11D3-BF4B-00C04F79EFBC}") = "04.CenturiesToMinutes", "04.CenturiesToMinutes\04.CenturiesToMinutes.csproj", "{D6349C6A-A489-4F39-A414-664558CB9433}"
EndProject
Project("{FAE04EC0-301F-11D3-BF4B-00C04F79EFBC}") = "05.SpecialNumbers", "05.SpecialNumbers\05.SpecialNumbers.csproj", "{58A05D61-F6D0-49BB-ABC3-4687A116A95B}"
EndProject
Project("{FAE04EC0-301F-11D3-BF4B-00C04F79EFBC}") = "06.ReversedChars", "06.ReversedChars\06.ReversedChars.csproj", "{F2968617-4C46-4F6B-99AE-3F6F38031354}"
EndProject
Project("{FAE04EC0-301F-11D3-BF4B-00C04F79EFBC}") = "07.ConcatNames", "07.ConcatNames\07.ConcatNames.csproj", "{2874C137-D4BD-4B0F-B35C-ADF0768D1FAF}"
EndProject
Project("{FAE04EC0-301F-11D3-BF4B-00C04F79EFBC}") = "08.TownInfo", "08.TownInfo\08.TownInfo.csproj", "{A822A2B6-514E-43D7-8205-9C7469469E43}"
EndProject
Project("{FAE04EC0-301F-11D3-BF4B-00C04F79EFBC}") = "09.CharsToString", "09.CharsToString\09.CharsToString.csproj", "{8E651D16-8B7E-47AF-A200-EC1DDC11412E}"
EndProject
Project("{FAE04EC0-301F-11D3-BF4B-00C04F79EFBC}") = "10.LowerOrUpper", "10.LowerOrUpper\10.LowerOrUpper.csproj", "{86691FE8-C433-4F49-AAE4-D87051B92CE6}"
EndProject
Project("{FAE04EC0-301F-11D3-BF4B-00C04F79EFBC}") = "11.RefactorVolumeOfPyramid", "11.RefactorVolumeOfPyramid\11.RefactorVolumeOfPyramid.csproj", "{8811225B-76E9-4D49-BB4D-F0960EBE6BF1}"
EndProject
Project("{FAE04EC0-301F-11D3-BF4B-00C04F79EFBC}") = "12.RefactorSpecialNumbers", "12.RefactorSpecialNumbers\12.RefactorSpecialNumbers.csproj", "{135A2E43-A57A-4378-BF6F-A5BD2B832F25}"
EndProject
Global
	GlobalSection(SolutionConfigurationPlatforms) = preSolution
		Debug|Any CPU = Debug|Any CPU
		Release|Any CPU = Release|Any CPU
	EndGlobalSection
	GlobalSection(ProjectConfigurationPlatforms) = postSolution
		{D07DE6F0-3A8B-45DE-868B-8F78C640563F}.Debug|Any CPU.ActiveCfg = Debug|Any CPU
		{D07DE6F0-3A8B-45DE-868B-8F78C640563F}.Debug|Any CPU.Build.0 = Debug|Any CPU
		{D07DE6F0-3A8B-45DE-868B-8F78C640563F}.Release|Any CPU.ActiveCfg = Release|Any CPU
		{D07DE6F0-3A8B-45DE-868B-8F78C640563F}.Release|Any CPU.Build.0 = Release|Any CPU
		{630E07D5-8D60-4540-A6D4-F059ED5C2E0F}.Debug|Any CPU.ActiveCfg = Debug|Any CPU
		{630E07D5-8D60-4540-A6D4-F059ED5C2E0F}.Debug|Any CPU.Build.0 = Debug|Any CPU
		{630E07D5-8D60-4540-A6D4-F059ED5C2E0F}.Release|Any CPU.ActiveCfg = Release|Any CPU
		{630E07D5-8D60-4540-A6D4-F059ED5C2E0F}.Release|Any CPU.Build.0 = Release|Any CPU
		{6D005571-C7FD-40B1-9CC3-81F0776F20FB}.Debug|Any CPU.ActiveCfg = Debug|Any CPU
		{6D005571-C7FD-40B1-9CC3-81F0776F20FB}.Debug|Any CPU.Build.0 = Debug|Any CPU
		{6D005571-C7FD-40B1-9CC3-81F0776F20FB}.Release|Any CPU.ActiveCfg = Release|Any CPU
		{6D005571-C7FD-40B1-9CC3-81F0776F20FB}.Release|Any CPU.Build.0 = Release|Any CPU
		{D6349C6A-A489-4F39-A414-664558CB9433}.Debug|Any CPU.ActiveCfg = Debug|Any CPU
		{D6349C6A-A489-4F39-A414-664558CB9433}.Debug|Any CPU.Build.0 = Debug|Any CPU
		{D6349C6A-A489-4F39-A414-664558CB9433}.Release|Any CPU.ActiveCfg = Release|Any CPU
		{D6349C6A-A489-4F39-A414-664558CB9433}.Release|Any CPU.Build.0 = Release|Any CPU
		{58A05D61-F6D0-49BB-ABC3-4687A116A95B}.Debug|Any CPU.ActiveCfg = Debug|Any CPU
		{58A05D61-F6D0-49BB-ABC3-4687A116A95B}.Debug|Any CPU.Build.0 = Debug|Any CPU
		{58A05D61-F6D0-49BB-ABC3-4687A116A95B}.Release|Any CPU.ActiveCfg = Release|Any CPU
		{58A05D61-F6D0-49BB-ABC3-4687A116A95B}.Release|Any CPU.Build.0 = Release|Any CPU
		{F2968617-4C46-4F6B-99AE-3F6F38031354}.Debug|Any CPU.ActiveCfg = Debug|Any CPU
		{F2968617-4C46-4F6B-99AE-3F6F38031354}.Debug|Any CPU.Build.0 = Debug|Any CPU
		{F2968617-4C46-4F6B-99AE-3F6F38031354}.Release|Any CPU.ActiveCfg = Release|Any CPU
		{F2968617-4C46-4F6B-99AE-3F6F38031354}.Release|Any CPU.Build.0 = Release|Any CPU
		{2874C137-D4BD-4B0F-B35C-ADF0768D1FAF}.Debug|Any CPU.ActiveCfg = Debug|Any CPU
		{2874C137-D4BD-4B0F-B35C-ADF0768D1FAF}.Debug|Any CPU.Build.0 = Debug|Any CPU
		{2874C137-D4BD-4B0F-B35C-ADF0768D1FAF}.Release|Any CPU.ActiveCfg = Release|Any CPU
		{2874C137-D4BD-4B0F-B35C-ADF0768D1FAF}.Release|Any CPU.Build.0 = Release|Any CPU
		{A822A2B6-514E-43D7-8205-9C7469469E43}.Debug|Any CPU.ActiveCfg = Debug|Any CPU
		{A822A2B6-514E-43D7-8205-9C7469469E43}.Debug|Any CPU.Build.0 = Debug|Any CPU
		{A822A2B6-514E-43D7-8205-9C7469469E43}.Release|Any CPU.ActiveCfg = Release|Any CPU
		{A822A2B6-514E-43D7-8205-9C7469469E43}.Release|Any CPU.Build.0 = Release|Any CPU
		{8E651D16-8B7E-47AF-A200-EC1DDC11412E}.Debug|Any CPU.ActiveCfg = Debug|Any CPU
		{8E651D16-8B7E-47AF-A200-EC1DDC11412E}.Debug|Any CPU.Build.0 = Debug|Any CPU
		{8E651D16-8B7E-47AF-A200-EC1DDC11412E}.Release|Any CPU.ActiveCfg = Release|Any CPU
		{8E651D16-8B7E-47AF-A200-EC1DDC11412E}.Release|Any CPU.Build.0 = Release|Any CPU
		{86691FE8-C433-4F49-AAE4-D87051B92CE6}.Debug|Any CPU.ActiveCfg = Debug|Any CPU
		{86691FE8-C433-4F49-AAE4-D87051B92CE6}.Debug|Any CPU.Build.0 = Debug|Any CPU
		{86691FE8-C433-4F49-AAE4-D87051B92CE6}.Release|Any CPU.ActiveCfg = Release|Any CPU
		{86691FE8-C433-4F49-AAE4-D87051B92CE6}.Release|Any CPU.Build.0 = Release|Any CPU
		{8811225B-76E9-4D49-BB4D-F0960EBE6BF1}.Debug|Any CPU.ActiveCfg = Debug|Any CPU
		{8811225B-76E9-4D49-BB4D-F0960EBE6BF1}.Debug|Any CPU.Build.0 = Debug|Any CPU
		{8811225B-76E9-4D49-BB4D-F0960EBE6BF1}.Release|Any CPU.ActiveCfg = Release|Any CPU
		{8811225B-76E9-4D49-BB4D-F0960EBE6BF1}.Release|Any CPU.Build.0 = Release|Any CPU
		{135A2E43-A57A-4378-BF6F-A5BD2B832F25}.Debug|Any CPU.ActiveCfg = Debug|Any CPU
		{135A2E43-A57A-4378-BF6F-A5BD2B832F25}.Debug|Any CPU.Build.0 = Debug|Any CPU
		{135A2E43-A57A-4378-BF6F-A5BD2B832F25}.Release|Any CPU.ActiveCfg = Release|Any CPU
		{135A2E43-A57A-4378-BF6F-A5BD2B832F25}.Release|Any CPU.Build.0 = Release|Any CPU
	EndGlobalSection
	GlobalSection(SolutionProperties) = preSolution
		HideSolutionNode = FALSE
	EndGlobalSection
	GlobalSection(ExtensibilityGlobals) = postSolution
		SolutionGuid = {F58C6F03-9828-435C-8E8E-4E4E09C116E2}
	EndGlobalSection
EndGlobal
